
Microsoft Visual Studio Solution File, Format Version 12.00
# Visual Studio Version 17
VisualStudioVersion = 17.10.35122.118
MinimumVisualStudioVersion = 10.0.40219.1
Project("{FAE04EC0-301F-11D3-BF4B-00C04F79EFBC}") = "hotel-booking-system-assignment-2", "hotel-booking-system-assignment-2.csproj", "{4059906A-F9FF-4509-830B-2CA1EC00314D}"
EndProject
Global
	GlobalSection(SolutionConfigurationPlatforms) = preSolution
		Debug|Any CPU = Debug|Any CPU
		Release|Any CPU = Release|Any CPU
	EndGlobalSection
	GlobalSection(ProjectConfigurationPlatforms) = postSolution
		{4059906A-F9FF-4509-830B-2CA1EC00314D}.Debug|Any CPU.ActiveCfg = Debug|Any CPU
		{4059906A-F9FF-4509-830B-2CA1EC00314D}.Debug|Any CPU.Build.0 = Debug|Any CPU
		{4059906A-F9FF-4509-830B-2CA1EC00314D}.Release|Any CPU.ActiveCfg = Release|Any CPU
		{4059906A-F9FF-4509-830B-2CA1EC00314D}.Release|Any CPU.Build.0 = Release|Any CPU
	EndGlobalSection
	GlobalSection(SolutionProperties) = preSolution
		HideSolutionNode = FALSE
	EndGlobalSection
	GlobalSection(ExtensibilityGlobals) = postSolution
		SolutionGuid = {D700EB50-7F70-4078-9CC5-157F12F782A8}
	EndGlobalSection
EndGlobal
